
Microsoft Visual Studio Solution File, Format Version 12.00
# Visual Studio Version 17
VisualStudioVersion = 17.8.34511.84
MinimumVisualStudioVersion = 10.0.40219.1
Project("{FAE04EC0-301F-11D3-BF4B-00C04F79EFBC}") = "Proyecto1", "Proyecto1.csproj", "{0C7A12E6-0C3D-440C-94CA-FC6DEF856005}"
EndProject
Global
	GlobalSection(SolutionConfigurationPlatforms) = preSolution
		Debug|Any CPU = Debug|Any CPU
		Release|Any CPU = Release|Any CPU
	EndGlobalSection
	GlobalSection(ProjectConfigurationPlatforms) = postSolution
		{0C7A12E6-0C3D-440C-94CA-FC6DEF856005}.Debug|Any CPU.ActiveCfg = Debug|Any CPU
		{0C7A12E6-0C3D-440C-94CA-FC6DEF856005}.Debug|Any CPU.Build.0 = Debug|Any CPU
		{0C7A12E6-0C3D-440C-94CA-FC6DEF856005}.Release|Any CPU.ActiveCfg = Release|Any CPU
		{0C7A12E6-0C3D-440C-94CA-FC6DEF856005}.Release|Any CPU.Build.0 = Release|Any CPU
	EndGlobalSection
	GlobalSection(SolutionProperties) = preSolution
		HideSolutionNode = FALSE
	EndGlobalSection
	GlobalSection(ExtensibilityGlobals) = postSolution
		SolutionGuid = {48EEDB7C-0833-44B2-B226-C5A66338A1E5}
	EndGlobalSection
EndGlobal
